// !$*UTF8*$!
{
	archiveVersion = 1;
	classes = {
	};
	objectVersion = 56;
	objects = {

/* Begin PBXBuildFile section */
		D72400552AB0175200A596A3 /* GhostFaceViewController.swift in Sources */ = {isa = PBXBuildFile; fileRef = D72400542AB0175200A596A3 /* GhostFaceViewController.swift */; };
		D72400572AB0176700A596A3 /* VictimsViewController.swift in Sources */ = {isa = PBXBuildFile; fileRef = D72400562AB0176700A596A3 /* VictimsViewController.swift */; };
		D72400592AB0177600A596A3 /* SurvivorsViewController.swift in Sources */ = {isa = PBXBuildFile; fileRef = D72400582AB0177600A596A3 /* SurvivorsViewController.swift */; };
		D726FDF52AAF54A200420D2E /* AppDelegate.swift in Sources */ = {isa = PBXBuildFile; fileRef = D726FDF42AAF54A200420D2E /* AppDelegate.swift */; };
		D726FDF72AAF54A200420D2E /* SceneDelegate.swift in Sources */ = {isa = PBXBuildFile; fileRef = D726FDF62AAF54A200420D2E /* SceneDelegate.swift */; };
		D726FDF92AAF54A200420D2E /* ViewController.swift in Sources */ = {isa = PBXBuildFile; fileRef = D726FDF82AAF54A200420D2E /* ViewController.swift */; };
		D726FDFC2AAF54A300420D2E /* Main.storyboard in Resources */ = {isa = PBXBuildFile; fileRef = D726FDFA2AAF54A300420D2E /* Main.storyboard */; };
		D726FDFE2AAF54A400420D2E /* Assets.xcassets in Resources */ = {isa = PBXBuildFile; fileRef = D726FDFD2AAF54A400420D2E /* Assets.xcassets */; };
		D726FE012AAF54A400420D2E /* LaunchScreen.storyboard in Resources */ = {isa = PBXBuildFile; fileRef = D726FDFF2AAF54A400420D2E /* LaunchScreen.storyboard */; };
		D726FE112AAFCB3600420D2E /* RulesViewController.swift in Sources */ = {isa = PBXBuildFile; fileRef = D726FE102AAFCB3600420D2E /* RulesViewController.swift */; };
		D7817E382AB50B9C0065F94C /* gfDetailViewController.swift in Sources */ = {isa = PBXBuildFile; fileRef = D7817E372AB50B9C0065F94C /* gfDetailViewController.swift */; };
		D7817E3A2AB510270065F94C /* Killer.swift in Sources */ = {isa = PBXBuildFile; fileRef = D7817E392AB510270065F94C /* Killer.swift */; };
		D7EA52B52AB1F76F006DB5D9 /* sDetailViewController.swift in Sources */ = {isa = PBXBuildFile; fileRef = D7EA52B42AB1F76F006DB5D9 /* sDetailViewController.swift */; };
		D7EA52BB2AB1F899006DB5D9 /* Survivor.swift in Sources */ = {isa = PBXBuildFile; fileRef = D7EA52BA2AB1F899006DB5D9 /* Survivor.swift */; };
/* End PBXBuildFile section */

/* Begin PBXFileReference section */
		D72400542AB0175200A596A3 /* GhostFaceViewController.swift */ = {isa = PBXFileReference; lastKnownFileType = sourcecode.swift; path = GhostFaceViewController.swift; sourceTree = "<group>"; };
		D72400562AB0176700A596A3 /* VictimsViewController.swift */ = {isa = PBXFileReference; lastKnownFileType = sourcecode.swift; path = VictimsViewController.swift; sourceTree = "<group>"; };
		D72400582AB0177600A596A3 /* SurvivorsViewController.swift */ = {isa = PBXFileReference; lastKnownFileType = sourcecode.swift; path = SurvivorsViewController.swift; sourceTree = "<group>"; };
		D726FDF12AAF54A200420D2E /* Story.app */ = {isa = PBXFileReference; explicitFileType = wrapper.application; includeInIndex = 0; path = Story.app; sourceTree = BUILT_PRODUCTS_DIR; };
		D726FDF42AAF54A200420D2E /* AppDelegate.swift */ = {isa = PBXFileReference; lastKnownFileType = sourcecode.swift; path = AppDelegate.swift; sourceTree = "<group>"; };
		D726FDF62AAF54A200420D2E /* SceneDelegate.swift */ = {isa = PBXFileReference; lastKnownFileType = sourcecode.swift; path = SceneDelegate.swift; sourceTree = "<group>"; };
		D726FDF82AAF54A200420D2E /* ViewController.swift */ = {isa = PBXFileReference; lastKnownFileType = sourcecode.swift; path = ViewController.swift; sourceTree = "<group>"; };
		D726FDFB2AAF54A300420D2E /* Base */ = {isa = PBXFileReference; lastKnownFileType = file.storyboard; name = Base; path = Base.lproj/Main.storyboard; sourceTree = "<group>"; };
		D726FDFD2AAF54A400420D2E /* Assets.xcassets */ = {isa = PBXFileReference; lastKnownFileType = folder.assetcatalog; path = Assets.xcassets; sourceTree = "<group>"; };
		D726FE002AAF54A400420D2E /* Base */ = {isa = PBXFileReference; lastKnownFileType = file.storyboard; name = Base; path = Base.lproj/LaunchScreen.storyboard; sourceTree = "<group>"; };
		D726FE022AAF54A400420D2E /* Info.plist */ = {isa = PBXFileReference; lastKnownFileType = text.plist.xml; path = Info.plist; sourceTree = "<group>"; };
		D726FE102AAFCB3600420D2E /* RulesViewController.swift */ = {isa = PBXFileReference; lastKnownFileType = sourcecode.swift; path = RulesViewController.swift; sourceTree = "<group>"; };
		D7817E372AB50B9C0065F94C /* gfDetailViewController.swift */ = {isa = PBXFileReference; lastKnownFileType = sourcecode.swift; path = gfDetailViewController.swift; sourceTree = "<group>"; };
		D7817E392AB510270065F94C /* Killer.swift */ = {isa = PBXFileReference; lastKnownFileType = sourcecode.swift; path = Killer.swift; sourceTree = "<group>"; };
		D7EA52B42AB1F76F006DB5D9 /* sDetailViewController.swift */ = {isa = PBXFileReference; lastKnownFileType = sourcecode.swift; path = sDetailViewController.swift; sourceTree = "<group>"; };
		D7EA52BA2AB1F899006DB5D9 /* Survivor.swift */ = {isa = PBXFileReference; lastKnownFileType = sourcecode.swift; path = Survivor.swift; sourceTree = "<group>"; };
/* End PBXFileReference section */

/* Begin PBXFrameworksBuildPhase section */
		D726FDEE2AAF54A200420D2E /* Frameworks */ = {
			isa = PBXFrameworksBuildPhase;
			buildActionMask = 2147483647;
			files = (
			);
			runOnlyForDeploymentPostprocessing = 0;
		};
/* End PBXFrameworksBuildPhase section */

/* Begin PBXGroup section */
		D726FDE82AAF54A200420D2E = {
			isa = PBXGroup;
			children = (
				D726FDF32AAF54A200420D2E /* Story */,
				D726FDF22AAF54A200420D2E /* Products */,
			);
			sourceTree = "<group>";
		};
		D726FDF22AAF54A200420D2E /* Products */ = {
			isa = PBXGroup;
			children = (
				D726FDF12AAF54A200420D2E /* Story.app */,
			);
			name = Products;
			sourceTree = "<group>";
		};
		D726FDF32AAF54A200420D2E /* Story */ = {
			isa = PBXGroup;
			children = (
				D726FDF42AAF54A200420D2E /* AppDelegate.swift */,
				D726FDF62AAF54A200420D2E /* SceneDelegate.swift */,
				D726FDF82AAF54A200420D2E /* ViewController.swift */,
				D726FE102AAFCB3600420D2E /* RulesViewController.swift */,
				D7EA52BA2AB1F899006DB5D9 /* Survivor.swift */,
				D72400542AB0175200A596A3 /* GhostFaceViewController.swift */,
				D7817E372AB50B9C0065F94C /* gfDetailViewController.swift */,
				D7817E392AB510270065F94C /* Killer.swift */,
				D72400562AB0176700A596A3 /* VictimsViewController.swift */,
				D72400582AB0177600A596A3 /* SurvivorsViewController.swift */,
				D7EA52B42AB1F76F006DB5D9 /* sDetailViewController.swift */,
				D726FDFA2AAF54A300420D2E /* Main.storyboard */,
				D726FDFD2AAF54A400420D2E /* Assets.xcassets */,
				D726FDFF2AAF54A400420D2E /* LaunchScreen.storyboard */,
				D726FE022AAF54A400420D2E /* Info.plist */,
			);
			path = Story;
			sourceTree = "<group>";
		};
/* End PBXGroup section */

/* Begin PBXNativeTarget section */
		D726FDF02AAF54A200420D2E /* Story */ = {
			isa = PBXNativeTarget;
			buildConfigurationList = D726FE052AAF54A400420D2E /* Build configuration list for PBXNativeTarget "Story" */;
			buildPhases = (
				D726FDED2AAF54A200420D2E /* Sources */,
				D726FDEE2AAF54A200420D2E /* Frameworks */,
				D726FDEF2AAF54A200420D2E /* Resources */,
			);
			buildRules = (
			);
			dependencies = (
			);
			name = Story;
			productName = Story;
			productReference = D726FDF12AAF54A200420D2E /* Story.app */;
			productType = "com.apple.product-type.application";
		};
/* End PBXNativeTarget section */

/* Begin PBXProject section */
		D726FDE92AAF54A200420D2E /* Project object */ = {
			isa = PBXProject;
			attributes = {
				BuildIndependentTargetsInParallel = 1;
				LastSwiftUpdateCheck = 1430;
				LastUpgradeCheck = 1430;
				TargetAttributes = {
					D726FDF02AAF54A200420D2E = {
						CreatedOnToolsVersion = 14.3.1;
					};
				};
			};
			buildConfigurationList = D726FDEC2AAF54A200420D2E /* Build configuration list for PBXProject "Story" */;
			compatibilityVersion = "Xcode 14.0";
			developmentRegion = en;
			hasScannedForEncodings = 0;
			knownRegions = (
				en,
				Base,
			);
			mainGroup = D726FDE82AAF54A200420D2E;
			productRefGroup = D726FDF22AAF54A200420D2E /* Products */;
			projectDirPath = "";
			projectRoot = "";
			targets = (
				D726FDF02AAF54A200420D2E /* Story */,
			);
		};
/* End PBXProject section */

/* Begin PBXResourcesBuildPhase section */
		D726FDEF2AAF54A200420D2E /* Resources */ = {
			isa = PBXResourcesBuildPhase;
			buildActionMask = 2147483647;
			files = (
				D726FE012AAF54A400420D2E /* LaunchScreen.storyboard in Resources */,
				D726FDFE2AAF54A400420D2E /* Assets.xcassets in Resources */,
				D726FDFC2AAF54A300420D2E /* Main.storyboard in Resources */,
			);
			runOnlyForDeploymentPostprocessing = 0;
		};
/* End PBXResourcesBuildPhase section */

/* Begin PBXSourcesBuildPhase section */
		D726FDED2AAF54A200420D2E /* Sources */ = {
			isa = PBXSourcesBuildPhase;
			buildActionMask = 2147483647;
			files = (
				D72400552AB0175200A596A3 /* GhostFaceViewController.swift in Sources */,
				D726FDF92AAF54A200420D2E /* ViewController.swift in Sources */,
				D7817E382AB50B9C0065F94C /* gfDetailViewController.swift in Sources */,
				D72400572AB0176700A596A3 /* VictimsViewController.swift in Sources */,
				D7EA52B52AB1F76F006DB5D9 /* sDetailViewController.swift in Sources */,
				D7EA52BB2AB1F899006DB5D9 /* Survivor.swift in Sources */,
				D726FDF52AAF54A200420D2E /* AppDelegate.swift in Sources */,
				D72400592AB0177600A596A3 /* SurvivorsViewController.swift in Sources */,
				D726FE112AAFCB3600420D2E /* RulesViewController.swift in Sources */,
				D726FDF72AAF54A200420D2E /* SceneDelegate.swift in Sources */,
				D7817E3A2AB510270065F94C /* Killer.swift in Sources */,
			);
			runOnlyForDeploymentPostprocessing = 0;
		};
/* End PBXSourcesBuildPhase section */

/* Begin PBXVariantGroup section */
		D726FDFA2AAF54A300420D2E /* Main.storyboard */ = {
			isa = PBXVariantGroup;
			children = (
				D726FDFB2AAF54A300420D2E /* Base */,
			);
			name = Main.storyboard;
			sourceTree = "<group>";
		};
		D726FDFF2AAF54A400420D2E /* LaunchScreen.storyboard */ = {
			isa = PBXVariantGroup;
			children = (
				D726FE002AAF54A400420D2E /* Base */,
			);
			name = LaunchScreen.storyboard;
			sourceTree = "<group>";
		};
/* End PBXVariantGroup section */

/* Begin XCBuildConfiguration section */
		D726FE032AAF54A400420D2E /* Debug */ = {
			isa = XCBuildConfiguration;
			buildSettings = {
				ALWAYS_SEARCH_USER_PATHS = NO;
				CLANG_ANALYZER_NONNULL = YES;
				CLANG_ANALYZER_NUMBER_OBJECT_CONVERSION = YES_AGGRESSIVE;
				CLANG_CXX_LANGUAGE_STANDARD = "gnu++20";
				CLANG_ENABLE_MODULES = YES;
				CLANG_ENABLE_OBJC_ARC = YES;
				CLANG_ENABLE_OBJC_WEAK = YES;
				CLANG_WARN_BLOCK_CAPTURE_AUTORELEASING = YES;
				CLANG_WARN_BOOL_CONVERSION = YES;
				CLANG_WARN_COMMA = YES;
				CLANG_WARN_CONSTANT_CONVERSION = YES;
				CLANG_WARN_DEPRECATED_OBJC_IMPLEMENTATIONS = YES;
				CLANG_WARN_DIRECT_OBJC_ISA_USAGE = YES_ERROR;
				CLANG_WARN_DOCUMENTATION_COMMENTS = YES;
				CLANG_WARN_EMPTY_BODY = YES;
				CLANG_WARN_ENUM_CONVERSION = YES;
				CLANG_WARN_INFINITE_RECURSION = YES;
				CLANG_WARN_INT_CONVERSION = YES;
				CLANG_WARN_NON_LITERAL_NULL_CONVERSION = YES;
				CLANG_WARN_OBJC_IMPLICIT_RETAIN_SELF = YES;
				CLANG_WARN_OBJC_LITERAL_CONVERSION = YES;
				CLANG_WARN_OBJC_ROOT_CLASS = YES_ERROR;
				CLANG_WARN_QUOTED_INCLUDE_IN_FRAMEWORK_HEADER = YES;
				CLANG_WARN_RANGE_LOOP_ANALYSIS = YES;
				CLANG_WARN_STRICT_PROTOTYPES = YES;
				CLANG_WARN_SUSPICIOUS_MOVE = YES;
				CLANG_WARN_UNGUARDED_AVAILABILITY = YES_AGGRESSIVE;
				CLANG_WARN_UNREACHABLE_CODE = YES;
				CLANG_WARN__DUPLICATE_METHOD_MATCH = YES;
				COPY_PHASE_STRIP = NO;
				DEBUG_INFORMATION_FORMAT = dwarf;
				ENABLE_STRICT_OBJC_MSGSEND = YES;
				ENABLE_TESTABILITY = YES;
				GCC_C_LANGUAGE_STANDARD = gnu11;
				GCC_DYNAMIC_NO_PIC = NO;
				GCC_NO_COMMON_BLOCKS = YES;
				GCC_OPTIMIZATION_LEVEL = 0;
				GCC_PREPROCESSOR_DEFINITIONS = (
					"DEBUG=1",
					"$(inherited)",
				);
				GCC_WARN_64_TO_32_BIT_CONVERSION = YES;
				GCC_WARN_ABOUT_RETURN_TYPE = YES_ERROR;
				GCC_WARN_UNDECLARED_SELECTOR = YES;
				GCC_WARN_UNINITIALIZED_AUTOS = YES_AGGRESSIVE;
				GCC_WARN_UNUSED_FUNCTION = YES;
				GCC_WARN_UNUSED_VARIABLE = YES;
				IPHONEOS_DEPLOYMENT_TARGET = 16.4;
				MTL_ENABLE_DEBUG_INFO = INCLUDE_SOURCE;
				MTL_FAST_MATH = YES;
				ONLY_ACTIVE_ARCH = YES;
				SDKROOT = iphoneos;
				SWIFT_ACTIVE_COMPILATION_CONDITIONS = DEBUG;
				SWIFT_OPTIMIZATION_LEVEL = "-Onone";
			};
			name = Debug;
		};
		D726FE042AAF54A400420D2E /* Release */ = {
			isa = XCBuildConfiguration;
			buildSettings = {
				ALWAYS_SEARCH_USER_PATHS = NO;
				CLANG_ANALYZER_NONNULL = YES;
				CLANG_ANALYZER_NUMBER_OBJECT_CONVERSION = YES_AGGRESSIVE;
				CLANG_CXX_LANGUAGE_STANDARD = "gnu++20";
				CLANG_ENABLE_MODULES = YES;
				CLANG_ENABLE_OBJC_ARC = YES;
				CLANG_ENABLE_OBJC_WEAK = YES;
				CLANG_WARN_BLOCK_CAPTURE_AUTORELEASING = YES;
				CLANG_WARN_BOOL_CONVERSION = YES;
				CLANG_WARN_COMMA = YES;
				CLANG_WARN_CONSTANT_CONVERSION = YES;
				CLANG_WARN_DEPRECATED_OBJC_IMPLEMENTATIONS = YES;
				CLANG_WARN_DIRECT_OBJC_ISA_USAGE = YES_ERROR;
				CLANG_WARN_DOCUMENTATION_COMMENTS = YES;
				CLANG_WARN_EMPTY_BODY = YES;
				CLANG_WARN_ENUM_CONVERSION = YES;
				CLANG_WARN_INFINITE_RECURSION = YES;
				CLANG_WARN_INT_CONVERSION = YES;
				CLANG_WARN_NON_LITERAL_NULL_CONVERSION = YES;
				CLANG_WARN_OBJC_IMPLICIT_RETAIN_SELF = YES;
				CLANG_WARN_OBJC_LITERAL_CONVERSION = YES;
				CLANG_WARN_OBJC_ROOT_CLASS = YES_ERROR;
				CLANG_WARN_QUOTED_INCLUDE_IN_FRAMEWORK_HEADER = YES;
				CLANG_WARN_RANGE_LOOP_ANALYSIS = YES;
				CLANG_WARN_STRICT_PROTOTYPES = YES;
				CLANG_WARN_SUSPICIOUS_MOVE = YES;
				CLANG_WARN_UNGUARDED_AVAILABILITY = YES_AGGRESSIVE;
				CLANG_WARN_UNREACHABLE_CODE = YES;
				CLANG_WARN__DUPLICATE_METHOD_MATCH = YES;
				COPY_PHASE_STRIP = NO;
				DEBUG_INFORMATION_FORMAT = "dwarf-with-dsym";
				ENABLE_NS_ASSERTIONS = NO;
				ENABLE_STRICT_OBJC_MSGSEND = YES;
				GCC_C_LANGUAGE_STANDARD = gnu11;
				GCC_NO_COMMON_BLOCKS = YES;
				GCC_WARN_64_TO_32_BIT_CONVERSION = YES;
				GCC_WARN_ABOUT_RETURN_TYPE = YES_ERROR;
				GCC_WARN_UNDECLARED_SELECTOR = YES;
				GCC_WARN_UNINITIALIZED_AUTOS = YES_AGGRESSIVE;
				GCC_WARN_UNUSED_FUNCTION = YES;
				GCC_WARN_UNUSED_VARIABLE = YES;
				IPHONEOS_DEPLOYMENT_TARGET = 16.4;
				MTL_ENABLE_DEBUG_INFO = NO;
				MTL_FAST_MATH = YES;
				SDKROOT = iphoneos;
				SWIFT_COMPILATION_MODE = wholemodule;
				SWIFT_OPTIMIZATION_LEVEL = "-O";
				VALIDATE_PRODUCT = YES;
			};
			name = Release;
		};
		D726FE062AAF54A400420D2E /* Debug */ = {
			isa = XCBuildConfiguration;
			buildSettings = {
				ASSETCATALOG_COMPILER_APPICON_NAME = AppIcon;
				ASSETCATALOG_COMPILER_GLOBAL_ACCENT_COLOR_NAME = AccentColor;
				CODE_SIGN_STYLE = Automatic;
				CURRENT_PROJECT_VERSION = 1;
				DEVELOPMENT_TEAM = H97VW7S59U;
				GENERATE_INFOPLIST_FILE = YES;
				INFOPLIST_FILE = Story/Info.plist;
				INFOPLIST_KEY_UIApplicationSupportsIndirectInputEvents = YES;
				INFOPLIST_KEY_UILaunchStoryboardName = LaunchScreen;
				INFOPLIST_KEY_UIMainStoryboardFile = Main;
				INFOPLIST_KEY_UISupportedInterfaceOrientations_iPad = "UIInterfaceOrientationPortrait UIInterfaceOrientationPortraitUpsideDown UIInterfaceOrientationLandscapeLeft UIInterfaceOrientationLandscapeRight";
				INFOPLIST_KEY_UISupportedInterfaceOrientations_iPhone = "UIInterfaceOrientationPortrait UIInterfaceOrientationLandscapeLeft UIInterfaceOrientationLandscapeRight";
				LD_RUNPATH_SEARCH_PATHS = (
					"$(inherited)",
					"@executable_path/Frameworks",
				);
				MARKETING_VERSION = 1.0;
				PRODUCT_BUNDLE_IDENTIFIER = ios.ajc.fiu.edu.Story;
				PRODUCT_NAME = "$(TARGET_NAME)";
				SWIFT_EMIT_LOC_STRINGS = YES;
				SWIFT_VERSION = 5.0;
				TARGETED_DEVICE_FAMILY = "1,2";
			};
			name = Debug;
		};
		D726FE072AAF54A400420D2E /* Release */ = {
			isa = XCBuildConfiguration;
			buildSettings = {
				ASSETCATALOG_COMPILER_APPICON_NAME = AppIcon;
				ASSETCATALOG_COMPILER_GLOBAL_ACCENT_COLOR_NAME = AccentColor;
				CODE_SIGN_STYLE = Automatic;
				CURRENT_PROJECT_VERSION = 1;
				DEVELOPMENT_TEAM = H97VW7S59U;
				GENERATE_INFOPLIST_FILE = YES;
				INFOPLIST_FILE = Story/Info.plist;
				INFOPLIST_KEY_UIApplicationSupportsIndirectInputEvents = YES;
				INFOPLIST_KEY_UILaunchStoryboardName = LaunchScreen;
				INFOPLIST_KEY_UIMainStoryboardFile = Main;
				INFOPLIST_KEY_UISupportedInterfaceOrientations_iPad = "UIInterfaceOrientationPortrait UIInterfaceOrientationPortraitUpsideDown UIInterfaceOrientationLandscapeLeft UIInterfaceOrientationLandscapeRight";
				INFOPLIST_KEY_UISupportedInterfaceOrientations_iPhone = "UIInterfaceOrientationPortrait UIInterfaceOrientationLandscapeLeft UIInterfaceOrientationLandscapeRight";
				LD_RUNPATH_SEARCH_PATHS = (
					"$(inherited)",
					"@executable_path/Frameworks",
				);
				MARKETING_VERSION = 1.0;
				PRODUCT_BUNDLE_IDENTIFIER = ios.ajc.fiu.edu.Story;
				PRODUCT_NAME = "$(TARGET_NAME)";
				SWIFT_EMIT_LOC_STRINGS = YES;
				SWIFT_VERSION = 5.0;
				TARGETED_DEVICE_FAMILY = "1,2";
			};
			name = Release;
		};
/* End XCBuildConfiguration section */

/* Begin XCConfigurationList section */
		D726FDEC2AAF54A200420D2E /* Build configuration list for PBXProject "Story" */ = {
			isa = XCConfigurationList;
			buildConfigurations = (
				D726FE032AAF54A400420D2E /* Debug */,
				D726FE042AAF54A400420D2E /* Release */,
			);
			defaultConfigurationIsVisible = 0;
			defaultConfigurationName = Release;
		};
		D726FE052AAF54A400420D2E /* Build configuration list for PBXNativeTarget "Story" */ = {
			isa = XCConfigurationList;
			buildConfigurations = (
				D726FE062AAF54A400420D2E /* Debug */,
				D726FE072AAF54A400420D2E /* Release */,
			);
			defaultConfigurationIsVisible = 0;
			defaultConfigurationName = Release;
		};
/* End XCConfigurationList section */
	};
	rootObject = D726FDE92AAF54A200420D2E /* Project object */;
}
